
Microsoft Visual Studio Solution File, Format Version 12.00
# Visual Studio 14
VisualStudioVersion = 14.0.25420.1
MinimumVisualStudioVersion = 10.0.40219.1
Project("{159641D6-6404-4A2A-AE62-294DE0FE8301}") = "Weekly Load Complete Package", "Weekly Load Complete Package\Weekly Load Complete Package.dtproj", "{2515EE55-C8C2-4620-A1A5-112793B4B12B}"
EndProject
Global
	GlobalSection(SolutionConfigurationPlatforms) = preSolution
		Development|Default = Development|Default
	EndGlobalSection
	GlobalSection(ProjectConfigurationPlatforms) = postSolution
		{2515EE55-C8C2-4620-A1A5-112793B4B12B}.Development|Default.ActiveCfg = Development
		{2515EE55-C8C2-4620-A1A5-112793B4B12B}.Development|Default.Build.0 = Development
	EndGlobalSection
	GlobalSection(SolutionProperties) = preSolution
		HideSolutionNode = FALSE
	EndGlobalSection
EndGlobal
